<?xml version="1.0" encoding="UTF-8"?>
<Project ToolsVersion="14.0" xmlns="http://schemas.microsoft.com/developer/msbuild/2003">
  <ItemGroup>
    <CustomBuild Include="C:\Users\Yanai\Desktop\SFMLSamples\PortIsOpen\vs2015\CMakeFiles\5ba279739603b5fa93fe39171464ce4c\generate.stamp.rule">
      <Filter>CMake Rules</Filter>
    </CustomBuild>
  </ItemGroup>
  <ItemGroup>
    <Filter Include="CMake Rules">
      <UniqueIdentifier>{8150FDE5-16BE-3E8E-92B6-AE11C2C99C58}</UniqueIdentifier>
    </Filter>
  </ItemGroup>
</Project>
